// !$*UTF8*$!
{
	archiveVersion = 1;
	classes = {
	};
	objectVersion = 46;
	objects = {

/* Begin PBXBuildFile section */
		611B61531E390A5D002AD82F /* KeluAlertViewController.m in Sources */ = {isa = PBXBuildFile; fileRef = 611B61521E390A5D002AD82F /* KeluAlertViewController.m */; };
		611B615A1E390EC2002AD82F /* KeluActivityIndicator.m in Sources */ = {isa = PBXBuildFile; fileRef = 611B61571E390EC2002AD82F /* KeluActivityIndicator.m */; };
		611B615B1E390EC2002AD82F /* KeluSpinner.m in Sources */ = {isa = PBXBuildFile; fileRef = 611B61591E390EC2002AD82F /* KeluSpinner.m */; };
		611B615E1E391015002AD82F /* UIColor+More.m in Sources */ = {isa = PBXBuildFile; fileRef = 611B615D1E391015002AD82F /* UIColor+More.m */; };
		611B61621E3911FC002AD82F /* KeluAFHTTPRequestOperationManager.m in Sources */ = {isa = PBXBuildFile; fileRef = 611B61611E3911FC002AD82F /* KeluAFHTTPRequestOperationManager.m */; };
		61460B9C1E37D12B000CC92F /* SignUpViewController.m in Sources */ = {isa = PBXBuildFile; fileRef = 61460B9B1E37D12B000CC92F /* SignUpViewController.m */; };
		61460BA11E37D90B000CC92F /* SocialNetworkingView.m in Sources */ = {isa = PBXBuildFile; fileRef = 61460BA01E37D90B000CC92F /* SocialNetworkingView.m */; };
		61460BA31E37D933000CC92F /* SocialNetworkingView.xib in Resources */ = {isa = PBXBuildFile; fileRef = 61460BA21E37D933000CC92F /* SocialNetworkingView.xib */; };
		61D777D71E3A0976000A0088 /* KeluViewController.m in Sources */ = {isa = PBXBuildFile; fileRef = 61D777D61E3A0976000A0088 /* KeluViewController.m */; };
		61D777DB1E3A1080000A0088 /* HeaderView.m in Sources */ = {isa = PBXBuildFile; fileRef = 61D777DA1E3A1080000A0088 /* HeaderView.m */; };
		61D777DD1E3A1099000A0088 /* HeaderView.xib in Resources */ = {isa = PBXBuildFile; fileRef = 61D777DC1E3A1099000A0088 /* HeaderView.xib */; };
		61D777E11E3A16D2000A0088 /* ViewCustomEffect.m in Sources */ = {isa = PBXBuildFile; fileRef = 61D777E01E3A16D2000A0088 /* ViewCustomEffect.m */; };
		61D777E51E3A1EAB000A0088 /* LanguageViewController.m in Sources */ = {isa = PBXBuildFile; fileRef = 61D777E41E3A1EAB000A0088 /* LanguageViewController.m */; };
		61D777E91E3A1F04000A0088 /* LanguageTableView.m in Sources */ = {isa = PBXBuildFile; fileRef = 61D777E81E3A1F04000A0088 /* LanguageTableView.m */; };
		61D777EC1E3A2363000A0088 /* LanguageCell.m in Sources */ = {isa = PBXBuildFile; fileRef = 61D777EB1E3A2363000A0088 /* LanguageCell.m */; };
		61D777EF1E3A27E5000A0088 /* LanguageResponse.m in Sources */ = {isa = PBXBuildFile; fileRef = 61D777EE1E3A27E5000A0088 /* LanguageResponse.m */; };
		61D777F21E3A2809000A0088 /* LanguageModel.m in Sources */ = {isa = PBXBuildFile; fileRef = 61D777F11E3A2809000A0088 /* LanguageModel.m */; };
		61D777F61E3A44D1000A0088 /* ThemeViewController.m in Sources */ = {isa = PBXBuildFile; fileRef = 61D777F51E3A44D1000A0088 /* ThemeViewController.m */; };
		61D777FA1E3A49EC000A0088 /* ThemeTableView.m in Sources */ = {isa = PBXBuildFile; fileRef = 61D777F91E3A49EC000A0088 /* ThemeTableView.m */; };
		61D777FD1E3A4A07000A0088 /* ThemeCell.m in Sources */ = {isa = PBXBuildFile; fileRef = 61D777FC1E3A4A07000A0088 /* ThemeCell.m */; };
		61D778001E3A4CB0000A0088 /* ThemeModel.m in Sources */ = {isa = PBXBuildFile; fileRef = 61D777FF1E3A4CB0000A0088 /* ThemeModel.m */; };
		61D778031E3A4D1E000A0088 /* ThemeResponse.m in Sources */ = {isa = PBXBuildFile; fileRef = 61D778021E3A4D1E000A0088 /* ThemeResponse.m */; };
		63F54EACDCDD35105E995035 /* libPods-Kelu.a in Frameworks */ = {isa = PBXBuildFile; fileRef = 782D82A9B0C6388151854D49 /* libPods-Kelu.a */; };
		C049B24F1D2969D1007EE171 /* CALayer+UIColor.m in Sources */ = {isa = PBXBuildFile; fileRef = C049B24E1D2969D1007EE171 /* CALayer+UIColor.m */; };
		C049B2521D2AC3C5007EE171 /* CHViewController.m in Sources */ = {isa = PBXBuildFile; fileRef = C049B2511D2AC3C5007EE171 /* CHViewController.m */; };
		C049B25A1D2AC414007EE171 /* CHTumblrMenuView.m in Sources */ = {isa = PBXBuildFile; fileRef = C049B2591D2AC414007EE171 /* CHTumblrMenuView.m */; };
		C0A1586E1E39D1B3006D6BB3 /* KKeyChain.m in Sources */ = {isa = PBXBuildFile; fileRef = C0A1586B1E39D1B3006D6BB3 /* KKeyChain.m */; };
		C0A1586F1E39D1B3006D6BB3 /* JNKeychain.m in Sources */ = {isa = PBXBuildFile; fileRef = C0A1586D1E39D1B3006D6BB3 /* JNKeychain.m */; };
		C0A158731E39E305006D6BB3 /* KeluTabBarViewController.m in Sources */ = {isa = PBXBuildFile; fileRef = C0A158721E39E305006D6BB3 /* KeluTabBarViewController.m */; };
		C0A158771E39E80A006D6BB3 /* TextModel.m in Sources */ = {isa = PBXBuildFile; fileRef = C0A158761E39E80A006D6BB3 /* TextModel.m */; };
		C0A1587A1E39E88D006D6BB3 /* TextsResponse.m in Sources */ = {isa = PBXBuildFile; fileRef = C0A158791E39E88D006D6BB3 /* TextsResponse.m */; };
		C0FF7EBC1D279988005FD479 /* main.m in Sources */ = {isa = PBXBuildFile; fileRef = C0FF7EBB1D279988005FD479 /* main.m */; };
		C0FF7EBF1D279988005FD479 /* AppDelegate.m in Sources */ = {isa = PBXBuildFile; fileRef = C0FF7EBE1D279988005FD479 /* AppDelegate.m */; };
		C0FF7EC51D279988005FD479 /* Main.storyboard in Resources */ = {isa = PBXBuildFile; fileRef = C0FF7EC31D279988005FD479 /* Main.storyboard */; };
		C0FF7EC81D279988005FD479 /* Kelu.xcdatamodeld in Sources */ = {isa = PBXBuildFile; fileRef = C0FF7EC61D279988005FD479 /* Kelu.xcdatamodeld */; };
		C0FF7ECA1D279988005FD479 /* Assets.xcassets in Resources */ = {isa = PBXBuildFile; fileRef = C0FF7EC91D279988005FD479 /* Assets.xcassets */; };
		C0FF7ECD1D279988005FD479 /* LaunchScreen.storyboard in Resources */ = {isa = PBXBuildFile; fileRef = C0FF7ECB1D279988005FD479 /* LaunchScreen.storyboard */; };
		C0FF7ED81D279989005FD479 /* KeluTests.m in Sources */ = {isa = PBXBuildFile; fileRef = C0FF7ED71D279989005FD479 /* KeluTests.m */; };
		C0FF7EE31D279989005FD479 /* KeluUITests.m in Sources */ = {isa = PBXBuildFile; fileRef = C0FF7EE21D279989005FD479 /* KeluUITests.m */; };
		C0FF7EF31D27D2D3005FD479 /* LoginViewController.m in Sources */ = {isa = PBXBuildFile; fileRef = C0FF7EF21D27D2D3005FD479 /* LoginViewController.m */; };
		C0FF7F041D27EEA2005FD479 /* MenuTitleTableViewCell.m in Sources */ = {isa = PBXBuildFile; fileRef = C0FF7F031D27EEA2005FD479 /* MenuTitleTableViewCell.m */; };
		C0FF7F071D27F462005FD479 /* HomeViewController.m in Sources */ = {isa = PBXBuildFile; fileRef = C0FF7F061D27F462005FD479 /* HomeViewController.m */; };
		C0FF7F0A1D28B93B005FD479 /* ApiResponseHandler.m in Sources */ = {isa = PBXBuildFile; fileRef = C0FF7F091D28B93B005FD479 /* ApiResponseHandler.m */; };
		C0FF7F0F1D28C0B8005FD479 /* ErrorHandler.m in Sources */ = {isa = PBXBuildFile; fileRef = C0FF7F0E1D28C0B8005FD479 /* ErrorHandler.m */; };
		C0FF7F1A1D28DFF6005FD479 /* JsonTest.m in Sources */ = {isa = PBXBuildFile; fileRef = C0FF7F191D28DFF6005FD479 /* JsonTest.m */; };
		C0FF7F1D1D28E236005FD479 /* JsonTestData.m in Sources */ = {isa = PBXBuildFile; fileRef = C0FF7F1C1D28E236005FD479 /* JsonTestData.m */; };
		C0FF7F211D28F856005FD479 /* ContentTableViewCell.m in Sources */ = {isa = PBXBuildFile; fileRef = C0FF7F201D28F856005FD479 /* ContentTableViewCell.m */; };
		C0FF7F231D294507005FD479 /* JsonContent.json in Resources */ = {isa = PBXBuildFile; fileRef = C0FF7F221D294507005FD479 /* JsonContent.json */; };
/* End PBXBuildFile section */

/* Begin PBXContainerItemProxy section */
		C0FF7ED41D279989005FD479 /* PBXContainerItemProxy */ = {
			isa = PBXContainerItemProxy;
			containerPortal = C0FF7EAF1D279988005FD479 /* Project object */;
			proxyType = 1;
			remoteGlobalIDString = C0FF7EB61D279988005FD479;
			remoteInfo = Kelu;
		};
		C0FF7EDF1D279989005FD479 /* PBXContainerItemProxy */ = {
			isa = PBXContainerItemProxy;
			containerPortal = C0FF7EAF1D279988005FD479 /* Project object */;
			proxyType = 1;
			remoteGlobalIDString = C0FF7EB61D279988005FD479;
			remoteInfo = Kelu;
		};
/* End PBXContainerItemProxy section */

/* Begin PBXFileReference section */
		3622C8C945E52E09D9D01020 /* Pods-Kelu.debug.xcconfig */ = {isa = PBXFileReference; includeInIndex = 1; lastKnownFileType = text.xcconfig; name = "Pods-Kelu.debug.xcconfig"; path = "Pods/Target Support Files/Pods-Kelu/Pods-Kelu.debug.xcconfig"; sourceTree = "<group>"; };
		611B61511E390A5D002AD82F /* KeluAlertViewController.h */ = {isa = PBXFileReference; fileEncoding = 4; lastKnownFileType = sourcecode.c.h; name = KeluAlertViewController.h; path = "Viewcontroller/Alert Controller/KeluAlertViewController.h"; sourceTree = "<group>"; };
		611B61521E390A5D002AD82F /* KeluAlertViewController.m */ = {isa = PBXFileReference; fileEncoding = 4; lastKnownFileType = sourcecode.c.objc; name = KeluAlertViewController.m; path = "Viewcontroller/Alert Controller/KeluAlertViewController.m"; sourceTree = "<group>"; };
		611B61561E390EC2002AD82F /* KeluActivityIndicator.h */ = {isa = PBXFileReference; fileEncoding = 4; lastKnownFileType = sourcecode.c.h; name = KeluActivityIndicator.h; path = View/Spinner/KeluActivityIndicator.h; sourceTree = "<group>"; };
		611B61571E390EC2002AD82F /* KeluActivityIndicator.m */ = {isa = PBXFileReference; fileEncoding = 4; lastKnownFileType = sourcecode.c.objc; name = KeluActivityIndicator.m; path = View/Spinner/KeluActivityIndicator.m; sourceTree = "<group>"; };
		611B61581E390EC2002AD82F /* KeluSpinner.h */ = {isa = PBXFileReference; fileEncoding = 4; lastKnownFileType = sourcecode.c.h; name = KeluSpinner.h; path = View/Spinner/KeluSpinner.h; sourceTree = "<group>"; };
		611B61591E390EC2002AD82F /* KeluSpinner.m */ = {isa = PBXFileReference; fileEncoding = 4; lastKnownFileType = sourcecode.c.objc; name = KeluSpinner.m; path = View/Spinner/KeluSpinner.m; sourceTree = "<group>"; };
		611B615C1E391015002AD82F /* UIColor+More.h */ = {isa = PBXFileReference; fileEncoding = 4; lastKnownFileType = sourcecode.c.h; name = "UIColor+More.h"; path = "Util/Category/UIColor+More.h"; sourceTree = "<group>"; };
		611B615D1E391015002AD82F /* UIColor+More.m */ = {isa = PBXFileReference; fileEncoding = 4; lastKnownFileType = sourcecode.c.objc; name = "UIColor+More.m"; path = "Util/Category/UIColor+More.m"; sourceTree = "<group>"; };
		611B61601E3911FC002AD82F /* KeluAFHTTPRequestOperationManager.h */ = {isa = PBXFileReference; fileEncoding = 4; lastKnownFileType = sourcecode.c.h; name = KeluAFHTTPRequestOperationManager.h; path = Model/KeluAFHTTPRequestOperationManager.h; sourceTree = "<group>"; };
		611B61611E3911FC002AD82F /* KeluAFHTTPRequestOperationManager.m */ = {isa = PBXFileReference; fileEncoding = 4; lastKnownFileType = sourcecode.c.objc; name = KeluAFHTTPRequestOperationManager.m; path = Model/KeluAFHTTPRequestOperationManager.m; sourceTree = "<group>"; };
		61460B9A1E37D12B000CC92F /* SignUpViewController.h */ = {isa = PBXFileReference; fileEncoding = 4; lastKnownFileType = sourcecode.c.h; name = SignUpViewController.h; path = Viewcontroller/SignUp/SignUpViewController.h; sourceTree = "<group>"; };
		61460B9B1E37D12B000CC92F /* SignUpViewController.m */ = {isa = PBXFileReference; fileEncoding = 4; lastKnownFileType = sourcecode.c.objc; name = SignUpViewController.m; path = Viewcontroller/SignUp/SignUpViewController.m; sourceTree = "<group>"; };
		61460B9F1E37D90B000CC92F /* SocialNetworkingView.h */ = {isa = PBXFileReference; fileEncoding = 4; lastKnownFileType = sourcecode.c.h; name = SocialNetworkingView.h; path = View/SocialNetworking/SocialNetworkingView.h; sourceTree = "<group>"; };
		61460BA01E37D90B000CC92F /* SocialNetworkingView.m */ = {isa = PBXFileReference; fileEncoding = 4; lastKnownFileType = sourcecode.c.objc; name = SocialNetworkingView.m; path = View/SocialNetworking/SocialNetworkingView.m; sourceTree = "<group>"; };
		61460BA21E37D933000CC92F /* SocialNetworkingView.xib */ = {isa = PBXFileReference; fileEncoding = 4; lastKnownFileType = file.xib; name = SocialNetworkingView.xib; path = View/SocialNetworking/SocialNetworkingView.xib; sourceTree = "<group>"; };
		61D777D51E3A0976000A0088 /* KeluViewController.h */ = {isa = PBXFileReference; fileEncoding = 4; lastKnownFileType = sourcecode.c.h; name = KeluViewController.h; path = Viewcontroller/Kelu/KeluViewController.h; sourceTree = "<group>"; };
		61D777D61E3A0976000A0088 /* KeluViewController.m */ = {isa = PBXFileReference; fileEncoding = 4; lastKnownFileType = sourcecode.c.objc; name = KeluViewController.m; path = Viewcontroller/Kelu/KeluViewController.m; sourceTree = "<group>"; };
		61D777D91E3A1080000A0088 /* HeaderView.h */ = {isa = PBXFileReference; fileEncoding = 4; lastKnownFileType = sourcecode.c.h; name = HeaderView.h; path = View/Header/HeaderView.h; sourceTree = "<group>"; };
		61D777DA1E3A1080000A0088 /* HeaderView.m */ = {isa = PBXFileReference; fileEncoding = 4; lastKnownFileType = sourcecode.c.objc; name = HeaderView.m; path = View/Header/HeaderView.m; sourceTree = "<group>"; };
		61D777DC1E3A1099000A0088 /* HeaderView.xib */ = {isa = PBXFileReference; fileEncoding = 4; lastKnownFileType = file.xib; name = HeaderView.xib; path = View/Header/HeaderView.xib; sourceTree = "<group>"; };
		61D777DF1E3A16D2000A0088 /* ViewCustomEffect.h */ = {isa = PBXFileReference; fileEncoding = 4; lastKnownFileType = sourcecode.c.h; name = ViewCustomEffect.h; path = Util/CustomEffect/ViewCustomEffect.h; sourceTree = "<group>"; };
		61D777E01E3A16D2000A0088 /* ViewCustomEffect.m */ = {isa = PBXFileReference; fileEncoding = 4; lastKnownFileType = sourcecode.c.objc; name = ViewCustomEffect.m; path = Util/CustomEffect/ViewCustomEffect.m; sourceTree = "<group>"; };
		61D777E31E3A1EAB000A0088 /* LanguageViewController.h */ = {isa = PBXFileReference; fileEncoding = 4; lastKnownFileType = sourcecode.c.h; name = LanguageViewController.h; path = Viewcontroller/Language/LanguageViewController.h; sourceTree = "<group>"; };
		61D777E41E3A1EAB000A0088 /* LanguageViewController.m */ = {isa = PBXFileReference; fileEncoding = 4; lastKnownFileType = sourcecode.c.objc; name = LanguageViewController.m; path = Viewcontroller/Language/LanguageViewController.m; sourceTree = "<group>"; };
		61D777E71E3A1F04000A0088 /* LanguageTableView.h */ = {isa = PBXFileReference; fileEncoding = 4; lastKnownFileType = sourcecode.c.h; name = LanguageTableView.h; path = Viewcontroller/Language/Views/LanguageTableView.h; sourceTree = "<group>"; };
		61D777E81E3A1F04000A0088 /* LanguageTableView.m */ = {isa = PBXFileReference; fileEncoding = 4; lastKnownFileType = sourcecode.c.objc; name = LanguageTableView.m; path = Viewcontroller/Language/Views/LanguageTableView.m; sourceTree = "<group>"; };
		61D777EA1E3A2363000A0088 /* LanguageCell.h */ = {isa = PBXFileReference; fileEncoding = 4; lastKnownFileType = sourcecode.c.h; name = LanguageCell.h; path = Viewcontroller/Language/Views/LanguageCell.h; sourceTree = "<group>"; };
		61D777EB1E3A2363000A0088 /* LanguageCell.m */ = {isa = PBXFileReference; fileEncoding = 4; lastKnownFileType = sourcecode.c.objc; name = LanguageCell.m; path = Viewcontroller/Language/Views/LanguageCell.m; sourceTree = "<group>"; };
		61D777ED1E3A27E5000A0088 /* LanguageResponse.h */ = {isa = PBXFileReference; fileEncoding = 4; lastKnownFileType = sourcecode.c.h; name = LanguageResponse.h; path = Model/JSONModel/LanguageResponse.h; sourceTree = "<group>"; };
		61D777EE1E3A27E5000A0088 /* LanguageResponse.m */ = {isa = PBXFileReference; fileEncoding = 4; lastKnownFileType = sourcecode.c.objc; name = LanguageResponse.m; path = Model/JSONModel/LanguageResponse.m; sourceTree = "<group>"; };
		61D777F01E3A2809000A0088 /* LanguageModel.h */ = {isa = PBXFileReference; fileEncoding = 4; lastKnownFileType = sourcecode.c.h; name = LanguageModel.h; path = Model/JSONModel/LanguageModel.h; sourceTree = "<group>"; };
		61D777F11E3A2809000A0088 /* LanguageModel.m */ = {isa = PBXFileReference; fileEncoding = 4; lastKnownFileType = sourcecode.c.objc; name = LanguageModel.m; path = Model/JSONModel/LanguageModel.m; sourceTree = "<group>"; };
		61D777F41E3A44D1000A0088 /* ThemeViewController.h */ = {isa = PBXFileReference; fileEncoding = 4; lastKnownFileType = sourcecode.c.h; name = ThemeViewController.h; path = Viewcontroller/Theme/ThemeViewController.h; sourceTree = "<group>"; };
		61D777F51E3A44D1000A0088 /* ThemeViewController.m */ = {isa = PBXFileReference; fileEncoding = 4; lastKnownFileType = sourcecode.c.objc; name = ThemeViewController.m; path = Viewcontroller/Theme/ThemeViewController.m; sourceTree = "<group>"; };
		61D777F81E3A49EC000A0088 /* ThemeTableView.h */ = {isa = PBXFileReference; fileEncoding = 4; lastKnownFileType = sourcecode.c.h; name = ThemeTableView.h; path = Viewcontroller/Theme/Views/ThemeTableView.h; sourceTree = "<group>"; };
		61D777F91E3A49EC000A0088 /* ThemeTableView.m */ = {isa = PBXFileReference; fileEncoding = 4; lastKnownFileType = sourcecode.c.objc; name = ThemeTableView.m; path = Viewcontroller/Theme/Views/ThemeTableView.m; sourceTree = "<group>"; };
		61D777FB1E3A4A07000A0088 /* ThemeCell.h */ = {isa = PBXFileReference; fileEncoding = 4; lastKnownFileType = sourcecode.c.h; name = ThemeCell.h; path = Viewcontroller/Theme/Views/ThemeCell.h; sourceTree = "<group>"; };
		61D777FC1E3A4A07000A0088 /* ThemeCell.m */ = {isa = PBXFileReference; fileEncoding = 4; lastKnownFileType = sourcecode.c.objc; name = ThemeCell.m; path = Viewcontroller/Theme/Views/ThemeCell.m; sourceTree = "<group>"; };
		61D777FE1E3A4CB0000A0088 /* ThemeModel.h */ = {isa = PBXFileReference; fileEncoding = 4; lastKnownFileType = sourcecode.c.h; name = ThemeModel.h; path = Model/JSONModel/ThemeModel.h; sourceTree = "<group>"; };
		61D777FF1E3A4CB0000A0088 /* ThemeModel.m */ = {isa = PBXFileReference; fileEncoding = 4; lastKnownFileType = sourcecode.c.objc; name = ThemeModel.m; path = Model/JSONModel/ThemeModel.m; sourceTree = "<group>"; };
		61D778011E3A4D1E000A0088 /* ThemeResponse.h */ = {isa = PBXFileReference; fileEncoding = 4; lastKnownFileType = sourcecode.c.h; name = ThemeResponse.h; path = Model/JSONModel/ThemeResponse.h; sourceTree = "<group>"; };
		61D778021E3A4D1E000A0088 /* ThemeResponse.m */ = {isa = PBXFileReference; fileEncoding = 4; lastKnownFileType = sourcecode.c.objc; name = ThemeResponse.m; path = Model/JSONModel/ThemeResponse.m; sourceTree = "<group>"; };
		782D82A9B0C6388151854D49 /* libPods-Kelu.a */ = {isa = PBXFileReference; explicitFileType = archive.ar; includeInIndex = 0; path = "libPods-Kelu.a"; sourceTree = BUILT_PRODUCTS_DIR; };
		B49F8E18B62DD887A9CF4830 /* Pods-Kelu.release.xcconfig */ = {isa = PBXFileReference; includeInIndex = 1; lastKnownFileType = text.xcconfig; name = "Pods-Kelu.release.xcconfig"; path = "Pods/Target Support Files/Pods-Kelu/Pods-Kelu.release.xcconfig"; sourceTree = "<group>"; };
		C049B24D1D2969D1007EE171 /* CALayer+UIColor.h */ = {isa = PBXFileReference; fileEncoding = 4; lastKnownFileType = sourcecode.c.h; name = "CALayer+UIColor.h"; path = "Util/Category/CALayer+UIColor.h"; sourceTree = "<group>"; };
		C049B24E1D2969D1007EE171 /* CALayer+UIColor.m */ = {isa = PBXFileReference; fileEncoding = 4; lastKnownFileType = sourcecode.c.objc; name = "CALayer+UIColor.m"; path = "Util/Category/CALayer+UIColor.m"; sourceTree = "<group>"; };
		C049B2501D2AC3C5007EE171 /* CHViewController.h */ = {isa = PBXFileReference; fileEncoding = 4; lastKnownFileType = sourcecode.c.h; path = CHViewController.h; sourceTree = "<group>"; };
		C049B2511D2AC3C5007EE171 /* CHViewController.m */ = {isa = PBXFileReference; fileEncoding = 4; lastKnownFileType = sourcecode.c.objc; path = CHViewController.m; sourceTree = "<group>"; };
		C049B2581D2AC414007EE171 /* CHTumblrMenuView.h */ = {isa = PBXFileReference; fileEncoding = 4; lastKnownFileType = sourcecode.c.h; path = CHTumblrMenuView.h; sourceTree = "<group>"; };
		C049B2591D2AC414007EE171 /* CHTumblrMenuView.m */ = {isa = PBXFileReference; fileEncoding = 4; lastKnownFileType = sourcecode.c.objc; path = CHTumblrMenuView.m; sourceTree = "<group>"; };
		C0A1586A1E39D1B3006D6BB3 /* KKeyChain.h */ = {isa = PBXFileReference; fileEncoding = 4; lastKnownFileType = sourcecode.c.h; path = KKeyChain.h; sourceTree = "<group>"; };
		C0A1586B1E39D1B3006D6BB3 /* KKeyChain.m */ = {isa = PBXFileReference; fileEncoding = 4; lastKnownFileType = sourcecode.c.objc; path = KKeyChain.m; sourceTree = "<group>"; };
		C0A1586C1E39D1B3006D6BB3 /* JNKeychain.h */ = {isa = PBXFileReference; fileEncoding = 4; lastKnownFileType = sourcecode.c.h; path = JNKeychain.h; sourceTree = "<group>"; };
		C0A1586D1E39D1B3006D6BB3 /* JNKeychain.m */ = {isa = PBXFileReference; fileEncoding = 4; lastKnownFileType = sourcecode.c.objc; path = JNKeychain.m; sourceTree = "<group>"; };
		C0A158711E39E305006D6BB3 /* KeluTabBarViewController.h */ = {isa = PBXFileReference; fileEncoding = 4; lastKnownFileType = sourcecode.c.h; name = KeluTabBarViewController.h; path = "Viewcontroller/Tab Bar/KeluTabBarViewController.h"; sourceTree = "<group>"; };
		C0A158721E39E305006D6BB3 /* KeluTabBarViewController.m */ = {isa = PBXFileReference; fileEncoding = 4; lastKnownFileType = sourcecode.c.objc; name = KeluTabBarViewController.m; path = "Viewcontroller/Tab Bar/KeluTabBarViewController.m"; sourceTree = "<group>"; };
		C0A158751E39E80A006D6BB3 /* TextModel.h */ = {isa = PBXFileReference; fileEncoding = 4; lastKnownFileType = sourcecode.c.h; name = TextModel.h; path = Model/JSONModel/TextModel.h; sourceTree = "<group>"; };
		C0A158761E39E80A006D6BB3 /* TextModel.m */ = {isa = PBXFileReference; fileEncoding = 4; lastKnownFileType = sourcecode.c.objc; name = TextModel.m; path = Model/JSONModel/TextModel.m; sourceTree = "<group>"; };
		C0A158781E39E88D006D6BB3 /* TextsResponse.h */ = {isa = PBXFileReference; fileEncoding = 4; lastKnownFileType = sourcecode.c.h; name = TextsResponse.h; path = Model/JSONModel/TextsResponse.h; sourceTree = "<group>"; };
		C0A158791E39E88D006D6BB3 /* TextsResponse.m */ = {isa = PBXFileReference; fileEncoding = 4; lastKnownFileType = sourcecode.c.objc; name = TextsResponse.m; path = Model/JSONModel/TextsResponse.m; sourceTree = "<group>"; };
		C0FF7EB71D279988005FD479 /* Kelu.app */ = {isa = PBXFileReference; explicitFileType = wrapper.application; includeInIndex = 0; path = Kelu.app; sourceTree = BUILT_PRODUCTS_DIR; };
		C0FF7EBB1D279988005FD479 /* main.m */ = {isa = PBXFileReference; lastKnownFileType = sourcecode.c.objc; path = main.m; sourceTree = "<group>"; };
		C0FF7EBD1D279988005FD479 /* AppDelegate.h */ = {isa = PBXFileReference; lastKnownFileType = sourcecode.c.h; path = AppDelegate.h; sourceTree = "<group>"; };
		C0FF7EBE1D279988005FD479 /* AppDelegate.m */ = {isa = PBXFileReference; lastKnownFileType = sourcecode.c.objc; path = AppDelegate.m; sourceTree = "<group>"; };
		C0FF7EC41D279988005FD479 /* Base */ = {isa = PBXFileReference; lastKnownFileType = file.storyboard; name = Base; path = Base.lproj/Main.storyboard; sourceTree = "<group>"; };
		C0FF7EC71D279988005FD479 /* Kelu.xcdatamodel */ = {isa = PBXFileReference; lastKnownFileType = wrapper.xcdatamodel; path = Kelu.xcdatamodel; sourceTree = "<group>"; };
		C0FF7EC91D279988005FD479 /* Assets.xcassets */ = {isa = PBXFileReference; lastKnownFileType = folder.assetcatalog; path = Assets.xcassets; sourceTree = "<group>"; };
		C0FF7ECC1D279988005FD479 /* Base */ = {isa = PBXFileReference; lastKnownFileType = file.storyboard; name = Base; path = Base.lproj/LaunchScreen.storyboard; sourceTree = "<group>"; };
		C0FF7ECE1D279988005FD479 /* Info.plist */ = {isa = PBXFileReference; lastKnownFileType = text.plist.xml; path = Info.plist; sourceTree = "<group>"; };
		C0FF7ED31D279989005FD479 /* KeluTests.xctest */ = {isa = PBXFileReference; explicitFileType = wrapper.cfbundle; includeInIndex = 0; path = KeluTests.xctest; sourceTree = BUILT_PRODUCTS_DIR; };
		C0FF7ED71D279989005FD479 /* KeluTests.m */ = {isa = PBXFileReference; lastKnownFileType = sourcecode.c.objc; path = KeluTests.m; sourceTree = "<group>"; };
		C0FF7ED91D279989005FD479 /* Info.plist */ = {isa = PBXFileReference; lastKnownFileType = text.plist.xml; path = Info.plist; sourceTree = "<group>"; };
		C0FF7EDE1D279989005FD479 /* KeluUITests.xctest */ = {isa = PBXFileReference; explicitFileType = wrapper.cfbundle; includeInIndex = 0; path = KeluUITests.xctest; sourceTree = BUILT_PRODUCTS_DIR; };
		C0FF7EE21D279989005FD479 /* KeluUITests.m */ = {isa = PBXFileReference; lastKnownFileType = sourcecode.c.objc; path = KeluUITests.m; sourceTree = "<group>"; };
		C0FF7EE41D279989005FD479 /* Info.plist */ = {isa = PBXFileReference; lastKnownFileType = text.plist.xml; path = Info.plist; sourceTree = "<group>"; };
		C0FF7EF11D27D2D3005FD479 /* LoginViewController.h */ = {isa = PBXFileReference; fileEncoding = 4; lastKnownFileType = sourcecode.c.h; name = LoginViewController.h; path = Viewcontroller/LoginViewController.h; sourceTree = "<group>"; };
		C0FF7EF21D27D2D3005FD479 /* LoginViewController.m */ = {isa = PBXFileReference; fileEncoding = 4; lastKnownFileType = sourcecode.c.objc; name = LoginViewController.m; path = Viewcontroller/LoginViewController.m; sourceTree = "<group>"; };
		C0FF7F021D27EEA2005FD479 /* MenuTitleTableViewCell.h */ = {isa = PBXFileReference; fileEncoding = 4; lastKnownFileType = sourcecode.c.h; name = MenuTitleTableViewCell.h; path = View/Menu/MenuTitleTableViewCell.h; sourceTree = "<group>"; };
		C0FF7F031D27EEA2005FD479 /* MenuTitleTableViewCell.m */ = {isa = PBXFileReference; fileEncoding = 4; lastKnownFileType = sourcecode.c.objc; name = MenuTitleTableViewCell.m; path = View/Menu/MenuTitleTableViewCell.m; sourceTree = "<group>"; };
		C0FF7F051D27F462005FD479 /* HomeViewController.h */ = {isa = PBXFileReference; fileEncoding = 4; lastKnownFileType = sourcecode.c.h; name = HomeViewController.h; path = Viewcontroller/HomeViewController.h; sourceTree = "<group>"; };
		C0FF7F061D27F462005FD479 /* HomeViewController.m */ = {isa = PBXFileReference; fileEncoding = 4; lastKnownFileType = sourcecode.c.objc; name = HomeViewController.m; path = Viewcontroller/HomeViewController.m; sourceTree = "<group>"; };
		C0FF7F081D28B93B005FD479 /* ApiResponseHandler.h */ = {isa = PBXFileReference; fileEncoding = 4; lastKnownFileType = sourcecode.c.h; name = ApiResponseHandler.h; path = Model/ApiResponseHandler.h; sourceTree = "<group>"; };
		C0FF7F091D28B93B005FD479 /* ApiResponseHandler.m */ = {isa = PBXFileReference; fileEncoding = 4; lastKnownFileType = sourcecode.c.objc; name = ApiResponseHandler.m; path = Model/ApiResponseHandler.m; sourceTree = "<group>"; };
		C0FF7F0D1D28C0B8005FD479 /* ErrorHandler.h */ = {isa = PBXFileReference; fileEncoding = 4; lastKnownFileType = sourcecode.c.h; name = ErrorHandler.h; path = Util/ErrorHandler.h; sourceTree = "<group>"; };
		C0FF7F0E1D28C0B8005FD479 /* ErrorHandler.m */ = {isa = PBXFileReference; fileEncoding = 4; lastKnownFileType = sourcecode.c.objc; name = ErrorHandler.m; path = Util/ErrorHandler.m; sourceTree = "<group>"; };
		C0FF7F101D28C1AC005FD479 /* KeluConstants.h */ = {isa = PBXFileReference; lastKnownFileType = sourcecode.c.h; name = KeluConstants.h; path = Util/KeluConstants.h; sourceTree = "<group>"; };
		C0FF7F131D28C40B005FD479 /* Kelu-Prefix.pch */ = {isa = PBXFileReference; fileEncoding = 4; lastKnownFileType = sourcecode.c.h; path = "Kelu-Prefix.pch"; sourceTree = SOURCE_ROOT; };
		C0FF7F181D28DFF6005FD479 /* JsonTest.h */ = {isa = PBXFileReference; fileEncoding = 4; lastKnownFileType = sourcecode.c.h; name = JsonTest.h; path = Model/JsonTest.h; sourceTree = "<group>"; };
		C0FF7F191D28DFF6005FD479 /* JsonTest.m */ = {isa = PBXFileReference; fileEncoding = 4; lastKnownFileType = sourcecode.c.objc; name = JsonTest.m; path = Model/JsonTest.m; sourceTree = "<group>"; };
		C0FF7F1B1D28E236005FD479 /* JsonTestData.h */ = {isa = PBXFileReference; fileEncoding = 4; lastKnownFileType = sourcecode.c.h; name = JsonTestData.h; path = Model/JsonTestData.h; sourceTree = "<group>"; };
		C0FF7F1C1D28E236005FD479 /* JsonTestData.m */ = {isa = PBXFileReference; fileEncoding = 4; lastKnownFileType = sourcecode.c.objc; name = JsonTestData.m; path = Model/JsonTestData.m; sourceTree = "<group>"; };
		C0FF7F1F1D28F856005FD479 /* ContentTableViewCell.h */ = {isa = PBXFileReference; fileEncoding = 4; lastKnownFileType = sourcecode.c.h; name = ContentTableViewCell.h; path = View/ContentView/ContentTableViewCell.h; sourceTree = "<group>"; };
		C0FF7F201D28F856005FD479 /* ContentTableViewCell.m */ = {isa = PBXFileReference; fileEncoding = 4; lastKnownFileType = sourcecode.c.objc; name = ContentTableViewCell.m; path = View/ContentView/ContentTableViewCell.m; sourceTree = "<group>"; };
		C0FF7F221D294507005FD479 /* JsonContent.json */ = {isa = PBXFileReference; fileEncoding = 4; lastKnownFileType = text.json; name = JsonContent.json; path = Util/JsonContent.json; sourceTree = "<group>"; };
/* End PBXFileReference section */

/* Begin PBXFrameworksBuildPhase section */
		C0FF7EB41D279988005FD479 /* Frameworks */ = {
			isa = PBXFrameworksBuildPhase;
			buildActionMask = 2147483647;
			files = (
				63F54EACDCDD35105E995035 /* libPods-Kelu.a in Frameworks */,
			);
			runOnlyForDeploymentPostprocessing = 0;
		};
		C0FF7ED01D279989005FD479 /* Frameworks */ = {
			isa = PBXFrameworksBuildPhase;
			buildActionMask = 2147483647;
			files = (
			);
			runOnlyForDeploymentPostprocessing = 0;
		};
		C0FF7EDB1D279989005FD479 /* Frameworks */ = {
			isa = PBXFrameworksBuildPhase;
			buildActionMask = 2147483647;
			files = (
			);
			runOnlyForDeploymentPostprocessing = 0;
		};
/* End PBXFrameworksBuildPhase section */

/* Begin PBXGroup section */
		611B61501E390A1D002AD82F /* Alert Controller */ = {
			isa = PBXGroup;
			children = (
				611B61511E390A5D002AD82F /* KeluAlertViewController.h */,
				611B61521E390A5D002AD82F /* KeluAlertViewController.m */,
			);
			name = "Alert Controller";
			sourceTree = "<group>";
		};
		611B61541E390E93002AD82F /* TumblrMenu */ = {
			isa = PBXGroup;
			children = (
				C049B2581D2AC414007EE171 /* CHTumblrMenuView.h */,
				C049B2591D2AC414007EE171 /* CHTumblrMenuView.m */,
				C049B2501D2AC3C5007EE171 /* CHViewController.h */,
				C049B2511D2AC3C5007EE171 /* CHViewController.m */,
			);
			name = TumblrMenu;
			sourceTree = "<group>";
		};
		611B61551E390EAA002AD82F /* Spinner */ = {
			isa = PBXGroup;
			children = (
				611B61561E390EC2002AD82F /* KeluActivityIndicator.h */,
				611B61571E390EC2002AD82F /* KeluActivityIndicator.m */,
				611B61581E390EC2002AD82F /* KeluSpinner.h */,
				611B61591E390EC2002AD82F /* KeluSpinner.m */,
			);
			name = Spinner;
			sourceTree = "<group>";
		};
		611B615F1E3911C1002AD82F /* API */ = {
			isa = PBXGroup;
			children = (
				C0FF7F081D28B93B005FD479 /* ApiResponseHandler.h */,
				C0FF7F091D28B93B005FD479 /* ApiResponseHandler.m */,
				611B61601E3911FC002AD82F /* KeluAFHTTPRequestOperationManager.h */,
				611B61611E3911FC002AD82F /* KeluAFHTTPRequestOperationManager.m */,
			);
			name = API;
			sourceTree = "<group>";
		};
		61460B991E37D0FF000CC92F /* SignUp */ = {
			isa = PBXGroup;
			children = (
				61460B9A1E37D12B000CC92F /* SignUpViewController.h */,
				61460B9B1E37D12B000CC92F /* SignUpViewController.m */,
			);
			name = SignUp;
			sourceTree = "<group>";
		};
		61460B9D1E37D676000CC92F /* Login */ = {
			isa = PBXGroup;
			children = (
				C0FF7EF11D27D2D3005FD479 /* LoginViewController.h */,
				C0FF7EF21D27D2D3005FD479 /* LoginViewController.m */,
			);
			name = Login;
			sourceTree = "<group>";
		};
		61460B9E1E37D8D5000CC92F /* SocialNetworking */ = {
			isa = PBXGroup;
			children = (
				61460B9F1E37D90B000CC92F /* SocialNetworkingView.h */,
				61460BA01E37D90B000CC92F /* SocialNetworkingView.m */,
				61460BA21E37D933000CC92F /* SocialNetworkingView.xib */,
			);
			name = SocialNetworking;
			sourceTree = "<group>";
		};
		61D777D31E3A08B1000A0088 /* Home */ = {
			isa = PBXGroup;
			children = (
				C0FF7F051D27F462005FD479 /* HomeViewController.h */,
				C0FF7F061D27F462005FD479 /* HomeViewController.m */,
			);
			name = Home;
			sourceTree = "<group>";
		};
		61D777D41E3A08C6000A0088 /* Kelu */ = {
			isa = PBXGroup;
			children = (
				61D777D51E3A0976000A0088 /* KeluViewController.h */,
				61D777D61E3A0976000A0088 /* KeluViewController.m */,
			);
			name = Kelu;
			sourceTree = "<group>";
		};
		61D777D81E3A103B000A0088 /* Header */ = {
			isa = PBXGroup;
			children = (
				61D777D91E3A1080000A0088 /* HeaderView.h */,
				61D777DA1E3A1080000A0088 /* HeaderView.m */,
				61D777DC1E3A1099000A0088 /* HeaderView.xib */,
			);
			name = Header;
			sourceTree = "<group>";
		};
		61D777DE1E3A16A6000A0088 /* CustomEffect */ = {
			isa = PBXGroup;
			children = (
				61D777DF1E3A16D2000A0088 /* ViewCustomEffect.h */,
				61D777E01E3A16D2000A0088 /* ViewCustomEffect.m */,
			);
			name = CustomEffect;
			sourceTree = "<group>";
		};
		61D777E21E3A1E92000A0088 /* Language */ = {
			isa = PBXGroup;
			children = (
				61D777E61E3A1ED7000A0088 /* Views */,
				61D777E31E3A1EAB000A0088 /* LanguageViewController.h */,
				61D777E41E3A1EAB000A0088 /* LanguageViewController.m */,
			);
			name = Language;
			sourceTree = "<group>";
		};
		61D777E61E3A1ED7000A0088 /* Views */ = {
			isa = PBXGroup;
			children = (
				61D777E71E3A1F04000A0088 /* LanguageTableView.h */,
				61D777E81E3A1F04000A0088 /* LanguageTableView.m */,
				61D777EA1E3A2363000A0088 /* LanguageCell.h */,
				61D777EB1E3A2363000A0088 /* LanguageCell.m */,
			);
			name = Views;
			sourceTree = "<group>";
		};
		61D777F31E3A4455000A0088 /* Theme */ = {
			isa = PBXGroup;
			children = (
				61D777F71E3A49BF000A0088 /* Views */,
				61D777F41E3A44D1000A0088 /* ThemeViewController.h */,
				61D777F51E3A44D1000A0088 /* ThemeViewController.m */,
			);
			name = Theme;
			sourceTree = "<group>";
		};
		61D777F71E3A49BF000A0088 /* Views */ = {
			isa = PBXGroup;
			children = (
				61D777F81E3A49EC000A0088 /* ThemeTableView.h */,
				61D777F91E3A49EC000A0088 /* ThemeTableView.m */,
				61D777FB1E3A4A07000A0088 /* ThemeCell.h */,
				61D777FC1E3A4A07000A0088 /* ThemeCell.m */,
			);
			name = Views;
			sourceTree = "<group>";
		};
		91687C17FF053691BAB9B24D /* Pods */ = {
			isa = PBXGroup;
			children = (
				3622C8C945E52E09D9D01020 /* Pods-Kelu.debug.xcconfig */,
				B49F8E18B62DD887A9CF4830 /* Pods-Kelu.release.xcconfig */,
			);
			name = Pods;
			sourceTree = "<group>";
		};
		A3DEA13355F0EA546C164BB9 /* Frameworks */ = {
			isa = PBXGroup;
			children = (
				782D82A9B0C6388151854D49 /* libPods-Kelu.a */,
			);
			name = Frameworks;
			sourceTree = "<group>";
		};
		C049B24C1D2969AC007EE171 /* Category */ = {
			isa = PBXGroup;
			children = (
				611B615C1E391015002AD82F /* UIColor+More.h */,
				611B615D1E391015002AD82F /* UIColor+More.m */,
				C049B24D1D2969D1007EE171 /* CALayer+UIColor.h */,
				C049B24E1D2969D1007EE171 /* CALayer+UIColor.m */,
			);
			name = Category;
			sourceTree = "<group>";
		};
		C0A158691E39D1B3006D6BB3 /* KeyChain */ = {
			isa = PBXGroup;
			children = (
				C0A1586A1E39D1B3006D6BB3 /* KKeyChain.h */,
				C0A1586B1E39D1B3006D6BB3 /* KKeyChain.m */,
				C0A1586C1E39D1B3006D6BB3 /* JNKeychain.h */,
				C0A1586D1E39D1B3006D6BB3 /* JNKeychain.m */,
			);
			name = KeyChain;
			path = Util/KeyChain;
			sourceTree = "<group>";
		};
		C0A158701E39E29E006D6BB3 /* Tabview */ = {
			isa = PBXGroup;
			children = (
				C0A158711E39E305006D6BB3 /* KeluTabBarViewController.h */,
				C0A158721E39E305006D6BB3 /* KeluTabBarViewController.m */,
			);
			name = Tabview;
			sourceTree = "<group>";
		};
		C0A158741E39E7D4006D6BB3 /* JSONModel */ = {
			isa = PBXGroup;
			children = (
				C0A158751E39E80A006D6BB3 /* TextModel.h */,
				C0A158761E39E80A006D6BB3 /* TextModel.m */,
				C0A158781E39E88D006D6BB3 /* TextsResponse.h */,
				C0A158791E39E88D006D6BB3 /* TextsResponse.m */,
				61D777ED1E3A27E5000A0088 /* LanguageResponse.h */,
				61D777EE1E3A27E5000A0088 /* LanguageResponse.m */,
				61D777F01E3A2809000A0088 /* LanguageModel.h */,
				61D777F11E3A2809000A0088 /* LanguageModel.m */,
				61D777FE1E3A4CB0000A0088 /* ThemeModel.h */,
				61D777FF1E3A4CB0000A0088 /* ThemeModel.m */,
				61D778011E3A4D1E000A0088 /* ThemeResponse.h */,
				61D778021E3A4D1E000A0088 /* ThemeResponse.m */,
			);
			name = JSONModel;
			sourceTree = "<group>";
		};
		C0FF7EAE1D279988005FD479 = {
			isa = PBXGroup;
			children = (
				C0FF7EB91D279988005FD479 /* Kelu */,
				C0FF7ED61D279989005FD479 /* KeluTests */,
				C0FF7EE11D279989005FD479 /* KeluUITests */,
				C0FF7EB81D279988005FD479 /* Products */,
				91687C17FF053691BAB9B24D /* Pods */,
				A3DEA13355F0EA546C164BB9 /* Frameworks */,
			);
			sourceTree = "<group>";
		};
		C0FF7EB81D279988005FD479 /* Products */ = {
			isa = PBXGroup;
			children = (
				C0FF7EB71D279988005FD479 /* Kelu.app */,
				C0FF7ED31D279989005FD479 /* KeluTests.xctest */,
				C0FF7EDE1D279989005FD479 /* KeluUITests.xctest */,
			);
			name = Products;
			sourceTree = "<group>";
		};
		C0FF7EB91D279988005FD479 /* Kelu */ = {
			isa = PBXGroup;
			children = (
				C0FF7F0C1D28C09E005FD479 /* Util */,
				C0FF7F0B1D28B941005FD479 /* Model */,
				C0FF7F001D27EE66005FD479 /* View */,
				C0FF7EF01D27D2A8005FD479 /* ViewController */,
				C0FF7EBD1D279988005FD479 /* AppDelegate.h */,
				C0FF7EBE1D279988005FD479 /* AppDelegate.m */,
				C0FF7EC31D279988005FD479 /* Main.storyboard */,
				C0FF7EC91D279988005FD479 /* Assets.xcassets */,
				C0FF7ECB1D279988005FD479 /* LaunchScreen.storyboard */,
				C0FF7ECE1D279988005FD479 /* Info.plist */,
				C0FF7EC61D279988005FD479 /* Kelu.xcdatamodeld */,
				C0FF7F131D28C40B005FD479 /* Kelu-Prefix.pch */,
				C0FF7EBA1D279988005FD479 /* Supporting Files */,
			);
			path = Kelu;
			sourceTree = "<group>";
		};
		C0FF7EBA1D279988005FD479 /* Supporting Files */ = {
			isa = PBXGroup;
			children = (
				C0FF7EBB1D279988005FD479 /* main.m */,
			);
			name = "Supporting Files";
			sourceTree = "<group>";
		};
		C0FF7ED61D279989005FD479 /* KeluTests */ = {
			isa = PBXGroup;
			children = (
				C0FF7ED71D279989005FD479 /* KeluTests.m */,
				C0FF7ED91D279989005FD479 /* Info.plist */,
			);
			path = KeluTests;
			sourceTree = "<group>";
		};
		C0FF7EE11D279989005FD479 /* KeluUITests */ = {
			isa = PBXGroup;
			children = (
				C0FF7EE21D279989005FD479 /* KeluUITests.m */,
				C0FF7EE41D279989005FD479 /* Info.plist */,
			);
			path = KeluUITests;
			sourceTree = "<group>";
		};
		C0FF7EF01D27D2A8005FD479 /* ViewController */ = {
			isa = PBXGroup;
			children = (
				61D777F31E3A4455000A0088 /* Theme */,
				61D777E21E3A1E92000A0088 /* Language */,
				61D777D41E3A08C6000A0088 /* Kelu */,
				61D777D31E3A08B1000A0088 /* Home */,
				C0A158701E39E29E006D6BB3 /* Tabview */,
				611B61501E390A1D002AD82F /* Alert Controller */,
				61460B9D1E37D676000CC92F /* Login */,
				61460B991E37D0FF000CC92F /* SignUp */,
			);
			name = ViewController;
			sourceTree = "<group>";
		};
		C0FF7F001D27EE66005FD479 /* View */ = {
			isa = PBXGroup;
			children = (
				61D777D81E3A103B000A0088 /* Header */,
				611B61551E390EAA002AD82F /* Spinner */,
				611B61541E390E93002AD82F /* TumblrMenu */,
				61460B9E1E37D8D5000CC92F /* SocialNetworking */,
				C0FF7F1E1D28F82C005FD479 /* ContentViewCell */,
				C0FF7F011D27EE72005FD479 /* Menu */,
			);
			name = View;
			sourceTree = "<group>";
		};
		C0FF7F011D27EE72005FD479 /* Menu */ = {
			isa = PBXGroup;
			children = (
				C0FF7F021D27EEA2005FD479 /* MenuTitleTableViewCell.h */,
				C0FF7F031D27EEA2005FD479 /* MenuTitleTableViewCell.m */,
			);
			name = Menu;
			sourceTree = "<group>";
		};
		C0FF7F0B1D28B941005FD479 /* Model */ = {
			isa = PBXGroup;
			children = (
				C0A158741E39E7D4006D6BB3 /* JSONModel */,
				611B615F1E3911C1002AD82F /* API */,
				C0FF7F171D28DC67005FD479 /* New Group */,
			);
			name = Model;
			sourceTree = "<group>";
		};
		C0FF7F0C1D28C09E005FD479 /* Util */ = {
			isa = PBXGroup;
			children = (
				61D777DE1E3A16A6000A0088 /* CustomEffect */,
				C0A158691E39D1B3006D6BB3 /* KeyChain */,
				C049B24C1D2969AC007EE171 /* Category */,
				C0FF7F0D1D28C0B8005FD479 /* ErrorHandler.h */,
				C0FF7F0E1D28C0B8005FD479 /* ErrorHandler.m */,
				C0FF7F101D28C1AC005FD479 /* KeluConstants.h */,
				C0FF7F221D294507005FD479 /* JsonContent.json */,
			);
			name = Util;
			sourceTree = "<group>";
		};
		C0FF7F171D28DC67005FD479 /* New Group */ = {
			isa = PBXGroup;
			children = (
				C0FF7F181D28DFF6005FD479 /* JsonTest.h */,
				C0FF7F191D28DFF6005FD479 /* JsonTest.m */,
				C0FF7F1B1D28E236005FD479 /* JsonTestData.h */,
				C0FF7F1C1D28E236005FD479 /* JsonTestData.m */,
			);
			name = "New Group";
			sourceTree = "<group>";
		};
		C0FF7F1E1D28F82C005FD479 /* ContentViewCell */ = {
			isa = PBXGroup;
			children = (
				C0FF7F1F1D28F856005FD479 /* ContentTableViewCell.h */,
				C0FF7F201D28F856005FD479 /* ContentTableViewCell.m */,
			);
			name = ContentViewCell;
			sourceTree = "<group>";
		};
/* End PBXGroup section */

/* Begin PBXNativeTarget section */
		C0FF7EB61D279988005FD479 /* Kelu */ = {
			isa = PBXNativeTarget;
			buildConfigurationList = C0FF7EE71D279989005FD479 /* Build configuration list for PBXNativeTarget "Kelu" */;
			buildPhases = (
				CF035F6F7B735F94DBB1470C /* 📦 Check Pods Manifest.lock */,
				C0FF7EB31D279988005FD479 /* Sources */,
				C0FF7EB41D279988005FD479 /* Frameworks */,
				C0FF7EB51D279988005FD479 /* Resources */,
				6268A9D1AAF739771745F3A3 /* 📦 Embed Pods Frameworks */,
				C831F6447372172ACE862351 /* 📦 Copy Pods Resources */,
			);
			buildRules = (
			);
			dependencies = (
			);
			name = Kelu;
			productName = Kelu;
			productReference = C0FF7EB71D279988005FD479 /* Kelu.app */;
			productType = "com.apple.product-type.application";
		};
		C0FF7ED21D279989005FD479 /* KeluTests */ = {
			isa = PBXNativeTarget;
			buildConfigurationList = C0FF7EEA1D279989005FD479 /* Build configuration list for PBXNativeTarget "KeluTests" */;
			buildPhases = (
				C0FF7ECF1D279989005FD479 /* Sources */,
				C0FF7ED01D279989005FD479 /* Frameworks */,
				C0FF7ED11D279989005FD479 /* Resources */,
			);
			buildRules = (
			);
			dependencies = (
				C0FF7ED51D279989005FD479 /* PBXTargetDependency */,
			);
			name = KeluTests;
			productName = KeluTests;
			productReference = C0FF7ED31D279989005FD479 /* KeluTests.xctest */;
			productType = "com.apple.product-type.bundle.unit-test";
		};
		C0FF7EDD1D279989005FD479 /* KeluUITests */ = {
			isa = PBXNativeTarget;
			buildConfigurationList = C0FF7EED1D279989005FD479 /* Build configuration list for PBXNativeTarget "KeluUITests" */;
			buildPhases = (
				C0FF7EDA1D279989005FD479 /* Sources */,
				C0FF7EDB1D279989005FD479 /* Frameworks */,
				C0FF7EDC1D279989005FD479 /* Resources */,
			);
			buildRules = (
			);
			dependencies = (
				C0FF7EE01D279989005FD479 /* PBXTargetDependency */,
			);
			name = KeluUITests;
			productName = KeluUITests;
			productReference = C0FF7EDE1D279989005FD479 /* KeluUITests.xctest */;
			productType = "com.apple.product-type.bundle.ui-testing";
		};
/* End PBXNativeTarget section */

/* Begin PBXProject section */
		C0FF7EAF1D279988005FD479 /* Project object */ = {
			isa = PBXProject;
			attributes = {
				LastUpgradeCheck = 0820;
				ORGANIZATIONNAME = "Anil Chopra";
				TargetAttributes = {
					C0FF7EB61D279988005FD479 = {
						CreatedOnToolsVersion = 7.3.1;
					};
					C0FF7ED21D279989005FD479 = {
						CreatedOnToolsVersion = 7.3.1;
						TestTargetID = C0FF7EB61D279988005FD479;
					};
					C0FF7EDD1D279989005FD479 = {
						CreatedOnToolsVersion = 7.3.1;
						TestTargetID = C0FF7EB61D279988005FD479;
					};
				};
			};
			buildConfigurationList = C0FF7EB21D279988005FD479 /* Build configuration list for PBXProject "Kelu" */;
			compatibilityVersion = "Xcode 3.2";
			developmentRegion = English;
			hasScannedForEncodings = 0;
			knownRegions = (
				en,
				Base,
			);
			mainGroup = C0FF7EAE1D279988005FD479;
			productRefGroup = C0FF7EB81D279988005FD479 /* Products */;
			projectDirPath = "";
			projectRoot = "";
			targets = (
				C0FF7EB61D279988005FD479 /* Kelu */,
				C0FF7ED21D279989005FD479 /* KeluTests */,
				C0FF7EDD1D279989005FD479 /* KeluUITests */,
			);
		};
/* End PBXProject section */

/* Begin PBXResourcesBuildPhase section */
		C0FF7EB51D279988005FD479 /* Resources */ = {
			isa = PBXResourcesBuildPhase;
			buildActionMask = 2147483647;
			files = (
				61460BA31E37D933000CC92F /* SocialNetworkingView.xib in Resources */,
				C0FF7F231D294507005FD479 /* JsonContent.json in Resources */,
				C0FF7ECD1D279988005FD479 /* LaunchScreen.storyboard in Resources */,
				61D777DD1E3A1099000A0088 /* HeaderView.xib in Resources */,
				C0FF7ECA1D279988005FD479 /* Assets.xcassets in Resources */,
				C0FF7EC51D279988005FD479 /* Main.storyboard in Resources */,
			);
			runOnlyForDeploymentPostprocessing = 0;
		};
		C0FF7ED11D279989005FD479 /* Resources */ = {
			isa = PBXResourcesBuildPhase;
			buildActionMask = 2147483647;
			files = (
			);
			runOnlyForDeploymentPostprocessing = 0;
		};
		C0FF7EDC1D279989005FD479 /* Resources */ = {
			isa = PBXResourcesBuildPhase;
			buildActionMask = 2147483647;
			files = (
			);
			runOnlyForDeploymentPostprocessing = 0;
		};
/* End PBXResourcesBuildPhase section */

/* Begin PBXShellScriptBuildPhase section */
		6268A9D1AAF739771745F3A3 /* 📦 Embed Pods Frameworks */ = {
			isa = PBXShellScriptBuildPhase;
			buildActionMask = 2147483647;
			files = (
			);
			inputPaths = (
			);
			name = "📦 Embed Pods Frameworks";
			outputPaths = (
			);
			runOnlyForDeploymentPostprocessing = 0;
			shellPath = /bin/sh;
			shellScript = "\"${SRCROOT}/Pods/Target Support Files/Pods-Kelu/Pods-Kelu-frameworks.sh\"\n";
			showEnvVarsInLog = 0;
		};
		C831F6447372172ACE862351 /* 📦 Copy Pods Resources */ = {
			isa = PBXShellScriptBuildPhase;
			buildActionMask = 2147483647;
			files = (
			);
			inputPaths = (
			);
			name = "📦 Copy Pods Resources";
			outputPaths = (
			);
			runOnlyForDeploymentPostprocessing = 0;
			shellPath = /bin/sh;
			shellScript = "\"${SRCROOT}/Pods/Target Support Files/Pods-Kelu/Pods-Kelu-resources.sh\"\n";
			showEnvVarsInLog = 0;
		};
		CF035F6F7B735F94DBB1470C /* 📦 Check Pods Manifest.lock */ = {
			isa = PBXShellScriptBuildPhase;
			buildActionMask = 2147483647;
			files = (
			);
			inputPaths = (
			);
			name = "📦 Check Pods Manifest.lock";
			outputPaths = (
			);
			runOnlyForDeploymentPostprocessing = 0;
			shellPath = /bin/sh;
			shellScript = "diff \"${PODS_ROOT}/../Podfile.lock\" \"${PODS_ROOT}/Manifest.lock\" > /dev/null\nif [[ $? != 0 ]] ; then\n    cat << EOM\nerror: The sandbox is not in sync with the Podfile.lock. Run 'pod install' or update your CocoaPods installation.\nEOM\n    exit 1\nfi\n";
			showEnvVarsInLog = 0;
		};
/* End PBXShellScriptBuildPhase section */

/* Begin PBXSourcesBuildPhase section */
		C0FF7EB31D279988005FD479 /* Sources */ = {
			isa = PBXSourcesBuildPhase;
			buildActionMask = 2147483647;
			files = (
				C0FF7EBF1D279988005FD479 /* AppDelegate.m in Sources */,
				C0FF7EC81D279988005FD479 /* Kelu.xcdatamodeld in Sources */,
				C0FF7F0F1D28C0B8005FD479 /* ErrorHandler.m in Sources */,
				61D778001E3A4CB0000A0088 /* ThemeModel.m in Sources */,
				C0A1587A1E39E88D006D6BB3 /* TextsResponse.m in Sources */,
				611B61531E390A5D002AD82F /* KeluAlertViewController.m in Sources */,
				61D777EF1E3A27E5000A0088 /* LanguageResponse.m in Sources */,
				C0FF7F071D27F462005FD479 /* HomeViewController.m in Sources */,
				61D778031E3A4D1E000A0088 /* ThemeResponse.m in Sources */,
				61D777F61E3A44D1000A0088 /* ThemeViewController.m in Sources */,
				61D777FD1E3A4A07000A0088 /* ThemeCell.m in Sources */,
				61D777F21E3A2809000A0088 /* LanguageModel.m in Sources */,
				611B615B1E390EC2002AD82F /* KeluSpinner.m in Sources */,
				61D777DB1E3A1080000A0088 /* HeaderView.m in Sources */,
				61460B9C1E37D12B000CC92F /* SignUpViewController.m in Sources */,
				611B615A1E390EC2002AD82F /* KeluActivityIndicator.m in Sources */,
				C0FF7F1A1D28DFF6005FD479 /* JsonTest.m in Sources */,
				C049B2521D2AC3C5007EE171 /* CHViewController.m in Sources */,
				C049B24F1D2969D1007EE171 /* CALayer+UIColor.m in Sources */,
				61D777EC1E3A2363000A0088 /* LanguageCell.m in Sources */,
				61D777FA1E3A49EC000A0088 /* ThemeTableView.m in Sources */,
				C0FF7EBC1D279988005FD479 /* main.m in Sources */,
				C0FF7F041D27EEA2005FD479 /* MenuTitleTableViewCell.m in Sources */,
				C0FF7F211D28F856005FD479 /* ContentTableViewCell.m in Sources */,
				C0A1586F1E39D1B3006D6BB3 /* JNKeychain.m in Sources */,
				C0FF7F1D1D28E236005FD479 /* JsonTestData.m in Sources */,
				C0FF7EF31D27D2D3005FD479 /* LoginViewController.m in Sources */,
				61D777E91E3A1F04000A0088 /* LanguageTableView.m in Sources */,
				C0FF7F0A1D28B93B005FD479 /* ApiResponseHandler.m in Sources */,
				61D777E11E3A16D2000A0088 /* ViewCustomEffect.m in Sources */,
				C0A158731E39E305006D6BB3 /* KeluTabBarViewController.m in Sources */,
				61D777E51E3A1EAB000A0088 /* LanguageViewController.m in Sources */,
				611B61621E3911FC002AD82F /* KeluAFHTTPRequestOperationManager.m in Sources */,
				C049B25A1D2AC414007EE171 /* CHTumblrMenuView.m in Sources */,
				61460BA11E37D90B000CC92F /* SocialNetworkingView.m in Sources */,
				C0A158771E39E80A006D6BB3 /* TextModel.m in Sources */,
				61D777D71E3A0976000A0088 /* KeluViewController.m in Sources */,
				611B615E1E391015002AD82F /* UIColor+More.m in Sources */,
				C0A1586E1E39D1B3006D6BB3 /* KKeyChain.m in Sources */,
			);
			runOnlyForDeploymentPostprocessing = 0;
		};
		C0FF7ECF1D279989005FD479 /* Sources */ = {
			isa = PBXSourcesBuildPhase;
			buildActionMask = 2147483647;
			files = (
				C0FF7ED81D279989005FD479 /* KeluTests.m in Sources */,
			);
			runOnlyForDeploymentPostprocessing = 0;
		};
		C0FF7EDA1D279989005FD479 /* Sources */ = {
			isa = PBXSourcesBuildPhase;
			buildActionMask = 2147483647;
			files = (
				C0FF7EE31D279989005FD479 /* KeluUITests.m in Sources */,
			);
			runOnlyForDeploymentPostprocessing = 0;
		};
/* End PBXSourcesBuildPhase section */

/* Begin PBXTargetDependency section */
		C0FF7ED51D279989005FD479 /* PBXTargetDependency */ = {
			isa = PBXTargetDependency;
			target = C0FF7EB61D279988005FD479 /* Kelu */;
			targetProxy = C0FF7ED41D279989005FD479 /* PBXContainerItemProxy */;
		};
		C0FF7EE01D279989005FD479 /* PBXTargetDependency */ = {
			isa = PBXTargetDependency;
			target = C0FF7EB61D279988005FD479 /* Kelu */;
			targetProxy = C0FF7EDF1D279989005FD479 /* PBXContainerItemProxy */;
		};
/* End PBXTargetDependency section */

/* Begin PBXVariantGroup section */
		C0FF7EC31D279988005FD479 /* Main.storyboard */ = {
			isa = PBXVariantGroup;
			children = (
				C0FF7EC41D279988005FD479 /* Base */,
			);
			name = Main.storyboard;
			sourceTree = "<group>";
		};
		C0FF7ECB1D279988005FD479 /* LaunchScreen.storyboard */ = {
			isa = PBXVariantGroup;
			children = (
				C0FF7ECC1D279988005FD479 /* Base */,
			);
			name = LaunchScreen.storyboard;
			sourceTree = "<group>";
		};
/* End PBXVariantGroup section */

/* Begin XCBuildConfiguration section */
		C0FF7EE51D279989005FD479 /* Debug */ = {
			isa = XCBuildConfiguration;
			buildSettings = {
				ALWAYS_SEARCH_USER_PATHS = NO;
				CLANG_ANALYZER_NONNULL = YES;
				CLANG_CXX_LANGUAGE_STANDARD = "gnu++0x";
				CLANG_CXX_LIBRARY = "libc++";
				CLANG_ENABLE_MODULES = YES;
				CLANG_ENABLE_OBJC_ARC = YES;
				CLANG_WARN_BOOL_CONVERSION = YES;
				CLANG_WARN_CONSTANT_CONVERSION = YES;
				CLANG_WARN_DIRECT_OBJC_ISA_USAGE = YES_ERROR;
				CLANG_WARN_EMPTY_BODY = YES;
				CLANG_WARN_ENUM_CONVERSION = YES;
				CLANG_WARN_INFINITE_RECURSION = YES;
				CLANG_WARN_INT_CONVERSION = YES;
				CLANG_WARN_OBJC_ROOT_CLASS = YES_ERROR;
				CLANG_WARN_SUSPICIOUS_MOVE = YES;
				CLANG_WARN_UNREACHABLE_CODE = YES;
				CLANG_WARN__DUPLICATE_METHOD_MATCH = YES;
				"CODE_SIGN_IDENTITY[sdk=iphoneos*]" = "iPhone Developer";
				COPY_PHASE_STRIP = NO;
				DEBUG_INFORMATION_FORMAT = dwarf;
				ENABLE_STRICT_OBJC_MSGSEND = YES;
				ENABLE_TESTABILITY = YES;
				GCC_C_LANGUAGE_STANDARD = gnu99;
				GCC_DYNAMIC_NO_PIC = NO;
				GCC_NO_COMMON_BLOCKS = YES;
				GCC_OPTIMIZATION_LEVEL = 0;
				GCC_PREPROCESSOR_DEFINITIONS = (
					"DEBUG=1",
					"$(inherited)",
				);
				GCC_WARN_64_TO_32_BIT_CONVERSION = YES;
				GCC_WARN_ABOUT_RETURN_TYPE = YES_ERROR;
				GCC_WARN_UNDECLARED_SELECTOR = YES;
				GCC_WARN_UNINITIALIZED_AUTOS = YES_AGGRESSIVE;
				GCC_WARN_UNUSED_FUNCTION = YES;
				GCC_WARN_UNUSED_VARIABLE = YES;
				IPHONEOS_DEPLOYMENT_TARGET = 9.3;
				MTL_ENABLE_DEBUG_INFO = YES;
				ONLY_ACTIVE_ARCH = YES;
				SDKROOT = iphoneos;
				TARGETED_DEVICE_FAMILY = "1,2";
			};
			name = Debug;
		};
		C0FF7EE61D279989005FD479 /* Release */ = {
			isa = XCBuildConfiguration;
			buildSettings = {
				ALWAYS_SEARCH_USER_PATHS = NO;
				CLANG_ANALYZER_NONNULL = YES;
				CLANG_CXX_LANGUAGE_STANDARD = "gnu++0x";
				CLANG_CXX_LIBRARY = "libc++";
				CLANG_ENABLE_MODULES = YES;
				CLANG_ENABLE_OBJC_ARC = YES;
				CLANG_WARN_BOOL_CONVERSION = YES;
				CLANG_WARN_CONSTANT_CONVERSION = YES;
				CLANG_WARN_DIRECT_OBJC_ISA_USAGE = YES_ERROR;
				CLANG_WARN_EMPTY_BODY = YES;
				CLANG_WARN_ENUM_CONVERSION = YES;
				CLANG_WARN_INFINITE_RECURSION = YES;
				CLANG_WARN_INT_CONVERSION = YES;
				CLANG_WARN_OBJC_ROOT_CLASS = YES_ERROR;
				CLANG_WARN_SUSPICIOUS_MOVE = YES;
				CLANG_WARN_UNREACHABLE_CODE = YES;
				CLANG_WARN__DUPLICATE_METHOD_MATCH = YES;
				"CODE_SIGN_IDENTITY[sdk=iphoneos*]" = "iPhone Developer";
				COPY_PHASE_STRIP = NO;
				DEBUG_INFORMATION_FORMAT = "dwarf-with-dsym";
				ENABLE_NS_ASSERTIONS = NO;
				ENABLE_STRICT_OBJC_MSGSEND = YES;
				GCC_C_LANGUAGE_STANDARD = gnu99;
				GCC_NO_COMMON_BLOCKS = YES;
				GCC_WARN_64_TO_32_BIT_CONVERSION = YES;
				GCC_WARN_ABOUT_RETURN_TYPE = YES_ERROR;
				GCC_WARN_UNDECLARED_SELECTOR = YES;
				GCC_WARN_UNINITIALIZED_AUTOS = YES_AGGRESSIVE;
				GCC_WARN_UNUSED_FUNCTION = YES;
				GCC_WARN_UNUSED_VARIABLE = YES;
				IPHONEOS_DEPLOYMENT_TARGET = 9.3;
				MTL_ENABLE_DEBUG_INFO = NO;
				SDKROOT = iphoneos;
				TARGETED_DEVICE_FAMILY = "1,2";
				VALIDATE_PRODUCT = YES;
			};
			name = Release;
		};
		C0FF7EE81D279989005FD479 /* Debug */ = {
			isa = XCBuildConfiguration;
			baseConfigurationReference = 3622C8C945E52E09D9D01020 /* Pods-Kelu.debug.xcconfig */;
			buildSettings = {
				ASSETCATALOG_COMPILER_APPICON_NAME = AppIcon;
				FRAMEWORK_SEARCH_PATHS = (
					"$(PROJECT_DIR)",
					"$(inherited)",
				);
				GCC_PREFIX_HEADER = "Kelu-Prefix.pch";
				HEADER_SEARCH_PATHS = (
					"\"${PODS_ROOT}/Headers\"/**",
					$SOURCE_ROOT/Libs/include,
					"\"$(SRCROOT)/Pods\"",
				);
				INFOPLIST_FILE = Kelu/Info.plist;
				IPHONEOS_DEPLOYMENT_TARGET = 8.0;
				LD_RUNPATH_SEARCH_PATHS = "$(inherited) @executable_path/Frameworks";
				LIBRARY_SEARCH_PATHS = (
					"\"$(SRCROOT)/Pods\"/**",
					"\"$(SRCROOT)/Libs\"/**",
					"$(PROJECT_DIR)",
					"$(inherited)",
				);
				ONLY_ACTIVE_ARCH = NO;
				OTHER_LDFLAGS = "$(inherited)";
				PRODUCT_BUNDLE_IDENTIFIER = com.GuHa.Kelu;
				PRODUCT_NAME = "$(TARGET_NAME)";
				VALIDATE_PRODUCT = NO;
			};
			name = Debug;
		};
		C0FF7EE91D279989005FD479 /* Release */ = {
			isa = XCBuildConfiguration;
			baseConfigurationReference = B49F8E18B62DD887A9CF4830 /* Pods-Kelu.release.xcconfig */;
			buildSettings = {
				ASSETCATALOG_COMPILER_APPICON_NAME = AppIcon;
				FRAMEWORK_SEARCH_PATHS = (
					"$(PROJECT_DIR)",
					"$(inherited)",
				);
				GCC_PREFIX_HEADER = "Kelu-Prefix.pch";
				HEADER_SEARCH_PATHS = (
					"\"${PODS_ROOT}/Headers\"/**",
					$SOURCE_ROOT/Libs/include,
					"\"$(SRCROOT)/Pods\"",
				);
				INFOPLIST_FILE = Kelu/Info.plist;
				IPHONEOS_DEPLOYMENT_TARGET = 8.0;
				LD_RUNPATH_SEARCH_PATHS = "$(inherited) @executable_path/Frameworks";
				LIBRARY_SEARCH_PATHS = (
					"\"$(SRCROOT)/Pods\"/**",
					"\"$(SRCROOT)/Libs\"/**",
					"$(PROJECT_DIR)",
					"$(inherited)",
				);
				OTHER_LDFLAGS = "$(inherited)";
				PRODUCT_BUNDLE_IDENTIFIER = com.GuHa.Kelu;
				PRODUCT_NAME = "$(TARGET_NAME)";
				VALIDATE_PRODUCT = NO;
			};
			name = Release;
		};
		C0FF7EEB1D279989005FD479 /* Debug */ = {
			isa = XCBuildConfiguration;
			buildSettings = {
				BUNDLE_LOADER = "$(TEST_HOST)";
				INFOPLIST_FILE = KeluTests/Info.plist;
				LD_RUNPATH_SEARCH_PATHS = "$(inherited) @executable_path/Frameworks @loader_path/Frameworks";
				PRODUCT_BUNDLE_IDENTIFIER = com.GuHa.KeluTests;
				PRODUCT_NAME = "$(TARGET_NAME)";
				TEST_HOST = "$(BUILT_PRODUCTS_DIR)/Kelu.app/Kelu";
			};
			name = Debug;
		};
		C0FF7EEC1D279989005FD479 /* Release */ = {
			isa = XCBuildConfiguration;
			buildSettings = {
				BUNDLE_LOADER = "$(TEST_HOST)";
				INFOPLIST_FILE = KeluTests/Info.plist;
				LD_RUNPATH_SEARCH_PATHS = "$(inherited) @executable_path/Frameworks @loader_path/Frameworks";
				PRODUCT_BUNDLE_IDENTIFIER = com.GuHa.KeluTests;
				PRODUCT_NAME = "$(TARGET_NAME)";
				TEST_HOST = "$(BUILT_PRODUCTS_DIR)/Kelu.app/Kelu";
			};
			name = Release;
		};
		C0FF7EEE1D279989005FD479 /* Debug */ = {
			isa = XCBuildConfiguration;
			buildSettings = {
				INFOPLIST_FILE = KeluUITests/Info.plist;
				LD_RUNPATH_SEARCH_PATHS = "$(inherited) @executable_path/Frameworks @loader_path/Frameworks";
				PRODUCT_BUNDLE_IDENTIFIER = com.GuHa.KeluUITests;
				PRODUCT_NAME = "$(TARGET_NAME)";
				TEST_TARGET_NAME = Kelu;
			};
			name = Debug;
		};
		C0FF7EEF1D279989005FD479 /* Release */ = {
			isa = XCBuildConfiguration;
			buildSettings = {
				INFOPLIST_FILE = KeluUITests/Info.plist;
				LD_RUNPATH_SEARCH_PATHS = "$(inherited) @executable_path/Frameworks @loader_path/Frameworks";
				PRODUCT_BUNDLE_IDENTIFIER = com.GuHa.KeluUITests;
				PRODUCT_NAME = "$(TARGET_NAME)";
				TEST_TARGET_NAME = Kelu;
			};
			name = Release;
		};
/* End XCBuildConfiguration section */

/* Begin XCConfigurationList section */
		C0FF7EB21D279988005FD479 /* Build configuration list for PBXProject "Kelu" */ = {
			isa = XCConfigurationList;
			buildConfigurations = (
				C0FF7EE51D279989005FD479 /* Debug */,
				C0FF7EE61D279989005FD479 /* Release */,
			);
			defaultConfigurationIsVisible = 0;
			defaultConfigurationName = Release;
		};
		C0FF7EE71D279989005FD479 /* Build configuration list for PBXNativeTarget "Kelu" */ = {
			isa = XCConfigurationList;
			buildConfigurations = (
				C0FF7EE81D279989005FD479 /* Debug */,
				C0FF7EE91D279989005FD479 /* Release */,
			);
			defaultConfigurationIsVisible = 0;
			defaultConfigurationName = Release;
		};
		C0FF7EEA1D279989005FD479 /* Build configuration list for PBXNativeTarget "KeluTests" */ = {
			isa = XCConfigurationList;
			buildConfigurations = (
				C0FF7EEB1D279989005FD479 /* Debug */,
				C0FF7EEC1D279989005FD479 /* Release */,
			);
			defaultConfigurationIsVisible = 0;
			defaultConfigurationName = Release;
		};
		C0FF7EED1D279989005FD479 /* Build configuration list for PBXNativeTarget "KeluUITests" */ = {
			isa = XCConfigurationList;
			buildConfigurations = (
				C0FF7EEE1D279989005FD479 /* Debug */,
				C0FF7EEF1D279989005FD479 /* Release */,
			);
			defaultConfigurationIsVisible = 0;
			defaultConfigurationName = Release;
		};
/* End XCConfigurationList section */

/* Begin XCVersionGroup section */
		C0FF7EC61D279988005FD479 /* Kelu.xcdatamodeld */ = {
			isa = XCVersionGroup;
			children = (
				C0FF7EC71D279988005FD479 /* Kelu.xcdatamodel */,
			);
			currentVersion = C0FF7EC71D279988005FD479 /* Kelu.xcdatamodel */;
			path = Kelu.xcdatamodeld;
			sourceTree = "<group>";
			versionGroupType = wrapper.xcdatamodel;
		};
/* End XCVersionGroup section */
	};
	rootObject = C0FF7EAF1D279988005FD479 /* Project object */;
}
